
Microsoft Visual Studio Solution File, Format Version 12.00
# Visual Studio 2012
Project("{CC5FD16D-436D-48AD-A40C-5A424C6E3E79}") = "MultiTierApp", "MultiTierApp\MultiTierApp.ccproj", "{A4E021C3-71AD-4CFD-8954-31F8B310226C}"
EndProject
Project("{FAE04EC0-301F-11D3-BF4B-00C04F79EFBC}") = "FrontendWebRole", "FrontendWebRole\FrontendWebRole.csproj", "{EA779325-1907-4CA7-9292-64A09BA13001}"
EndProject
Global
	GlobalSection(SolutionConfigurationPlatforms) = preSolution
		Debug|Any CPU = Debug|Any CPU
		Release|Any CPU = Release|Any CPU
	EndGlobalSection
	GlobalSection(ProjectConfigurationPlatforms) = postSolution
		{A4E021C3-71AD-4CFD-8954-31F8B310226C}.Debug|Any CPU.ActiveCfg = Debug|Any CPU
		{A4E021C3-71AD-4CFD-8954-31F8B310226C}.Debug|Any CPU.Build.0 = Debug|Any CPU
		{A4E021C3-71AD-4CFD-8954-31F8B310226C}.Release|Any CPU.ActiveCfg = Release|Any CPU
		{A4E021C3-71AD-4CFD-8954-31F8B310226C}.Release|Any CPU.Build.0 = Release|Any CPU
		{EA779325-1907-4CA7-9292-64A09BA13001}.Debug|Any CPU.ActiveCfg = Debug|Any CPU
		{EA779325-1907-4CA7-9292-64A09BA13001}.Debug|Any CPU.Build.0 = Debug|Any CPU
		{EA779325-1907-4CA7-9292-64A09BA13001}.Release|Any CPU.ActiveCfg = Release|Any CPU
		{EA779325-1907-4CA7-9292-64A09BA13001}.Release|Any CPU.Build.0 = Release|Any CPU
	EndGlobalSection
	GlobalSection(SolutionProperties) = preSolution
		HideSolutionNode = FALSE
	EndGlobalSection
EndGlobal
